// !$*UTF8*$!
{
	archiveVersion = 1;
	classes = {
	};
	objectVersion = 50;
	objects = {

/* Begin PBXBuildFile section */
		F50B001D2574E18A00B1C41F /* CustomMenu.swift in Sources */ = {isa = PBXBuildFile; fileRef = F50B001C2574E18A00B1C41F /* CustomMenu.swift */; };
		F554B7372570EC4E0010DB6F /* AppDelegate.swift in Sources */ = {isa = PBXBuildFile; fileRef = F554B7362570EC4E0010DB6F /* AppDelegate.swift */; };
		F554B7392570EC4E0010DB6F /* SceneDelegate.swift in Sources */ = {isa = PBXBuildFile; fileRef = F554B7382570EC4E0010DB6F /* SceneDelegate.swift */; };
		F554B73B2570EC4E0010DB6F /* ViewController.swift in Sources */ = {isa = PBXBuildFile; fileRef = F554B73A2570EC4E0010DB6F /* ViewController.swift */; };
		F554B73E2570EC4E0010DB6F /* Main.storyboard in Resources */ = {isa = PBXBuildFile; fileRef = F554B73C2570EC4E0010DB6F /* Main.storyboard */; };
		F554B7402570EC4F0010DB6F /* Assets.xcassets in Resources */ = {isa = PBXBuildFile; fileRef = F554B73F2570EC4F0010DB6F /* Assets.xcassets */; };
		F554B7432570EC4F0010DB6F /* LaunchScreen.storyboard in Resources */ = {isa = PBXBuildFile; fileRef = F554B7412570EC4F0010DB6F /* LaunchScreen.storyboard */; };
		F554B74D2570EDDC0010DB6F /* ButtonToolBar.swift in Sources */ = {isa = PBXBuildFile; fileRef = F554B74C2570EDDC0010DB6F /* ButtonToolBar.swift */; };
		F554B7512570EDEA0010DB6F /* ToolBarVIew.swift in Sources */ = {isa = PBXBuildFile; fileRef = F554B7502570EDEA0010DB6F /* ToolBarVIew.swift */; };
		F554B75A25710F5D0010DB6F /* HomeContentView.swift in Sources */ = {isa = PBXBuildFile; fileRef = F554B75925710F5D0010DB6F /* HomeContentView.swift */; };
		F554B75E257114BC0010DB6F /* SearchTextField.swift in Sources */ = {isa = PBXBuildFile; fileRef = F554B75D257114BC0010DB6F /* SearchTextField.swift */; };
		F554B7632571722C0010DB6F /* SearchTextFieldDelegate.swift in Sources */ = {isa = PBXBuildFile; fileRef = F554B7622571722C0010DB6F /* SearchTextFieldDelegate.swift */; };
/* End PBXBuildFile section */

/* Begin PBXFileReference section */
		F50B001C2574E18A00B1C41F /* CustomMenu.swift */ = {isa = PBXFileReference; lastKnownFileType = sourcecode.swift; path = CustomMenu.swift; sourceTree = "<group>"; };
		F554B7332570EC4E0010DB6F /* DemoBrowser.app */ = {isa = PBXFileReference; explicitFileType = wrapper.application; includeInIndex = 0; path = DemoBrowser.app; sourceTree = BUILT_PRODUCTS_DIR; };
		F554B7362570EC4E0010DB6F /* AppDelegate.swift */ = {isa = PBXFileReference; lastKnownFileType = sourcecode.swift; path = AppDelegate.swift; sourceTree = "<group>"; };
		F554B7382570EC4E0010DB6F /* SceneDelegate.swift */ = {isa = PBXFileReference; lastKnownFileType = sourcecode.swift; path = SceneDelegate.swift; sourceTree = "<group>"; };
		F554B73A2570EC4E0010DB6F /* ViewController.swift */ = {isa = PBXFileReference; lastKnownFileType = sourcecode.swift; path = ViewController.swift; sourceTree = "<group>"; };
		F554B73D2570EC4E0010DB6F /* Base */ = {isa = PBXFileReference; lastKnownFileType = file.storyboard; name = Base; path = Base.lproj/Main.storyboard; sourceTree = "<group>"; };
		F554B73F2570EC4F0010DB6F /* Assets.xcassets */ = {isa = PBXFileReference; lastKnownFileType = folder.assetcatalog; path = Assets.xcassets; sourceTree = "<group>"; };
		F554B7422570EC4F0010DB6F /* Base */ = {isa = PBXFileReference; lastKnownFileType = file.storyboard; name = Base; path = Base.lproj/LaunchScreen.storyboard; sourceTree = "<group>"; };
		F554B7442570EC4F0010DB6F /* Info.plist */ = {isa = PBXFileReference; lastKnownFileType = text.plist.xml; path = Info.plist; sourceTree = "<group>"; };
		F554B74C2570EDDC0010DB6F /* ButtonToolBar.swift */ = {isa = PBXFileReference; lastKnownFileType = sourcecode.swift; path = ButtonToolBar.swift; sourceTree = "<group>"; };
		F554B7502570EDEA0010DB6F /* ToolBarVIew.swift */ = {isa = PBXFileReference; lastKnownFileType = sourcecode.swift; path = ToolBarVIew.swift; sourceTree = "<group>"; };
		F554B75925710F5D0010DB6F /* HomeContentView.swift */ = {isa = PBXFileReference; lastKnownFileType = sourcecode.swift; path = HomeContentView.swift; sourceTree = "<group>"; };
		F554B75D257114BC0010DB6F /* SearchTextField.swift */ = {isa = PBXFileReference; lastKnownFileType = sourcecode.swift; path = SearchTextField.swift; sourceTree = "<group>"; };
		F554B7622571722C0010DB6F /* SearchTextFieldDelegate.swift */ = {isa = PBXFileReference; lastKnownFileType = sourcecode.swift; path = SearchTextFieldDelegate.swift; sourceTree = "<group>"; };
/* End PBXFileReference section */

/* Begin PBXFrameworksBuildPhase section */
		F554B7302570EC4E0010DB6F /* Frameworks */ = {
			isa = PBXFrameworksBuildPhase;
			buildActionMask = 2147483647;
			files = (
			);
			runOnlyForDeploymentPostprocessing = 0;
		};
/* End PBXFrameworksBuildPhase section */

/* Begin PBXGroup section */
		F50B001B2574E16F00B1C41F /* CustomMenu */ = {
			isa = PBXGroup;
			children = (
				F50B001C2574E18A00B1C41F /* CustomMenu.swift */,
			);
			path = CustomMenu;
			sourceTree = "<group>";
		};
		F554B72A2570EC4E0010DB6F = {
			isa = PBXGroup;
			children = (
				F554B7352570EC4E0010DB6F /* DemoBrowser */,
				F554B7342570EC4E0010DB6F /* Products */,
			);
			sourceTree = "<group>";
		};
		F554B7342570EC4E0010DB6F /* Products */ = {
			isa = PBXGroup;
			children = (
				F554B7332570EC4E0010DB6F /* DemoBrowser.app */,
			);
			name = Products;
			sourceTree = "<group>";
		};
		F554B7352570EC4E0010DB6F /* DemoBrowser */ = {
			isa = PBXGroup;
			children = (
				F554B7362570EC4E0010DB6F /* AppDelegate.swift */,
				F554B7382570EC4E0010DB6F /* SceneDelegate.swift */,
				F554B73A2570EC4E0010DB6F /* ViewController.swift */,
				F554B75825710F330010DB6F /* SearchView */,
				F554B74B2570ED640010DB6F /* BottomToolBar */,
				F554B73C2570EC4E0010DB6F /* Main.storyboard */,
				F554B73F2570EC4F0010DB6F /* Assets.xcassets */,
				F554B7412570EC4F0010DB6F /* LaunchScreen.storyboard */,
				F554B7442570EC4F0010DB6F /* Info.plist */,
			);
			path = DemoBrowser;
			sourceTree = "<group>";
		};
		F554B74B2570ED640010DB6F /* BottomToolBar */ = {
			isa = PBXGroup;
			children = (
				F50B001B2574E16F00B1C41F /* CustomMenu */,
				F554B7502570EDEA0010DB6F /* ToolBarVIew.swift */,
				F554B74C2570EDDC0010DB6F /* ButtonToolBar.swift */,
			);
			path = BottomToolBar;
			sourceTree = "<group>";
		};
		F554B75825710F330010DB6F /* SearchView */ = {
			isa = PBXGroup;
			children = (
				F554B75925710F5D0010DB6F /* HomeContentView.swift */,
				F554B75D257114BC0010DB6F /* SearchTextField.swift */,
				F554B7622571722C0010DB6F /* SearchTextFieldDelegate.swift */,
			);
			path = SearchView;
			sourceTree = "<group>";
		};
/* End PBXGroup section */

/* Begin PBXNativeTarget section */
		F554B7322570EC4E0010DB6F /* DemoBrowser */ = {
			isa = PBXNativeTarget;
			buildConfigurationList = F554B7472570EC4F0010DB6F /* Build configuration list for PBXNativeTarget "DemoBrowser" */;
			buildPhases = (
				F554B72F2570EC4E0010DB6F /* Sources */,
				F554B7302570EC4E0010DB6F /* Frameworks */,
				F554B7312570EC4E0010DB6F /* Resources */,
			);
			buildRules = (
			);
			dependencies = (
			);
			name = DemoBrowser;
			productName = DemoBrowser;
			productReference = F554B7332570EC4E0010DB6F /* DemoBrowser.app */;
			productType = "com.apple.product-type.application";
		};
/* End PBXNativeTarget section */

/* Begin PBXProject section */
		F554B72B2570EC4E0010DB6F /* Project object */ = {
			isa = PBXProject;
			attributes = {
				LastSwiftUpdateCheck = 1220;
				LastUpgradeCheck = 1220;
				TargetAttributes = {
					F554B7322570EC4E0010DB6F = {
						CreatedOnToolsVersion = 12.2;
					};
				};
			};
			buildConfigurationList = F554B72E2570EC4E0010DB6F /* Build configuration list for PBXProject "DemoBrowser" */;
			compatibilityVersion = "Xcode 9.3";
			developmentRegion = en;
			hasScannedForEncodings = 0;
			knownRegions = (
				en,
				Base,
			);
			mainGroup = F554B72A2570EC4E0010DB6F;
			productRefGroup = F554B7342570EC4E0010DB6F /* Products */;
			projectDirPath = "";
			projectRoot = "";
			targets = (
				F554B7322570EC4E0010DB6F /* DemoBrowser */,
			);
		};
/* End PBXProject section */

/* Begin PBXResourcesBuildPhase section */
		F554B7312570EC4E0010DB6F /* Resources */ = {
			isa = PBXResourcesBuildPhase;
			buildActionMask = 2147483647;
			files = (
				F554B7432570EC4F0010DB6F /* LaunchScreen.storyboard in Resources */,
				F554B7402570EC4F0010DB6F /* Assets.xcassets in Resources */,
				F554B73E2570EC4E0010DB6F /* Main.storyboard in Resources */,
			);
			runOnlyForDeploymentPostprocessing = 0;
		};
/* End PBXResourcesBuildPhase section */

/* Begin PBXSourcesBuildPhase section */
		F554B72F2570EC4E0010DB6F /* Sources */ = {
			isa = PBXSourcesBuildPhase;
			buildActionMask = 2147483647;
			files = (
				F50B001D2574E18A00B1C41F /* CustomMenu.swift in Sources */,
				F554B7512570EDEA0010DB6F /* ToolBarVIew.swift in Sources */,
				F554B73B2570EC4E0010DB6F /* ViewController.swift in Sources */,
				F554B7632571722C0010DB6F /* SearchTextFieldDelegate.swift in Sources */,
				F554B74D2570EDDC0010DB6F /* ButtonToolBar.swift in Sources */,
				F554B75A25710F5D0010DB6F /* HomeContentView.swift in Sources */,
				F554B75E257114BC0010DB6F /* SearchTextField.swift in Sources */,
				F554B7372570EC4E0010DB6F /* AppDelegate.swift in Sources */,
				F554B7392570EC4E0010DB6F /* SceneDelegate.swift in Sources */,
			);
			runOnlyForDeploymentPostprocessing = 0;
		};
/* End PBXSourcesBuildPhase section */

/* Begin PBXVariantGroup section */
		F554B73C2570EC4E0010DB6F /* Main.storyboard */ = {
			isa = PBXVariantGroup;
			children = (
				F554B73D2570EC4E0010DB6F /* Base */,
			);
			name = Main.storyboard;
			sourceTree = "<group>";
		};
		F554B7412570EC4F0010DB6F /* LaunchScreen.storyboard */ = {
			isa = PBXVariantGroup;
			children = (
				F554B7422570EC4F0010DB6F /* Base */,
			);
			name = LaunchScreen.storyboard;
			sourceTree = "<group>";
		};
/* End PBXVariantGroup section */

/* Begin XCBuildConfiguration section */
		F554B7452570EC4F0010DB6F /* Debug */ = {
			isa = XCBuildConfiguration;
			buildSettings = {
				ALWAYS_SEARCH_USER_PATHS = NO;
				CLANG_ANALYZER_NONNULL = YES;
				CLANG_ANALYZER_NUMBER_OBJECT_CONVERSION = YES_AGGRESSIVE;
				CLANG_CXX_LANGUAGE_STANDARD = "gnu++14";
				CLANG_CXX_LIBRARY = "libc++";
				CLANG_ENABLE_MODULES = YES;
				CLANG_ENABLE_OBJC_ARC = YES;
				CLANG_ENABLE_OBJC_WEAK = YES;
				CLANG_WARN_BLOCK_CAPTURE_AUTORELEASING = YES;
				CLANG_WARN_BOOL_CONVERSION = YES;
				CLANG_WARN_COMMA = YES;
				CLANG_WARN_CONSTANT_CONVERSION = YES;
				CLANG_WARN_DEPRECATED_OBJC_IMPLEMENTATIONS = YES;
				CLANG_WARN_DIRECT_OBJC_ISA_USAGE = YES_ERROR;
				CLANG_WARN_DOCUMENTATION_COMMENTS = YES;
				CLANG_WARN_EMPTY_BODY = YES;
				CLANG_WARN_ENUM_CONVERSION = YES;
				CLANG_WARN_INFINITE_RECURSION = YES;
				CLANG_WARN_INT_CONVERSION = YES;
				CLANG_WARN_NON_LITERAL_NULL_CONVERSION = YES;
				CLANG_WARN_OBJC_IMPLICIT_RETAIN_SELF = YES;
				CLANG_WARN_OBJC_LITERAL_CONVERSION = YES;
				CLANG_WARN_OBJC_ROOT_CLASS = YES_ERROR;
				CLANG_WARN_QUOTED_INCLUDE_IN_FRAMEWORK_HEADER = YES;
				CLANG_WARN_RANGE_LOOP_ANALYSIS = YES;
				CLANG_WARN_STRICT_PROTOTYPES = YES;
				CLANG_WARN_SUSPICIOUS_MOVE = YES;
				CLANG_WARN_UNGUARDED_AVAILABILITY = YES_AGGRESSIVE;
				CLANG_WARN_UNREACHABLE_CODE = YES;
				CLANG_WARN__DUPLICATE_METHOD_MATCH = YES;
				COPY_PHASE_STRIP = NO;
				DEBUG_INFORMATION_FORMAT = dwarf;
				ENABLE_STRICT_OBJC_MSGSEND = YES;
				ENABLE_TESTABILITY = YES;
				GCC_C_LANGUAGE_STANDARD = gnu11;
				GCC_DYNAMIC_NO_PIC = NO;
				GCC_NO_COMMON_BLOCKS = YES;
				GCC_OPTIMIZATION_LEVEL = 0;
				GCC_PREPROCESSOR_DEFINITIONS = (
					"DEBUG=1",
					"$(inherited)",
				);
				GCC_WARN_64_TO_32_BIT_CONVERSION = YES;
				GCC_WARN_ABOUT_RETURN_TYPE = YES_ERROR;
				GCC_WARN_UNDECLARED_SELECTOR = YES;
				GCC_WARN_UNINITIALIZED_AUTOS = YES_AGGRESSIVE;
				GCC_WARN_UNUSED_FUNCTION = YES;
				GCC_WARN_UNUSED_VARIABLE = YES;
				IPHONEOS_DEPLOYMENT_TARGET = 14.2;
				MTL_ENABLE_DEBUG_INFO = INCLUDE_SOURCE;
				MTL_FAST_MATH = YES;
				ONLY_ACTIVE_ARCH = YES;
				SDKROOT = iphoneos;
				SWIFT_ACTIVE_COMPILATION_CONDITIONS = DEBUG;
				SWIFT_OPTIMIZATION_LEVEL = "-Onone";
			};
			name = Debug;
		};
		F554B7462570EC4F0010DB6F /* Release */ = {
			isa = XCBuildConfiguration;
			buildSettings = {
				ALWAYS_SEARCH_USER_PATHS = NO;
				CLANG_ANALYZER_NONNULL = YES;
				CLANG_ANALYZER_NUMBER_OBJECT_CONVERSION = YES_AGGRESSIVE;
				CLANG_CXX_LANGUAGE_STANDARD = "gnu++14";
				CLANG_CXX_LIBRARY = "libc++";
				CLANG_ENABLE_MODULES = YES;
				CLANG_ENABLE_OBJC_ARC = YES;
				CLANG_ENABLE_OBJC_WEAK = YES;
				CLANG_WARN_BLOCK_CAPTURE_AUTORELEASING = YES;
				CLANG_WARN_BOOL_CONVERSION = YES;
				CLANG_WARN_COMMA = YES;
				CLANG_WARN_CONSTANT_CONVERSION = YES;
				CLANG_WARN_DEPRECATED_OBJC_IMPLEMENTATIONS = YES;
				CLANG_WARN_DIRECT_OBJC_ISA_USAGE = YES_ERROR;
				CLANG_WARN_DOCUMENTATION_COMMENTS = YES;
				CLANG_WARN_EMPTY_BODY = YES;
				CLANG_WARN_ENUM_CONVERSION = YES;
				CLANG_WARN_INFINITE_RECURSION = YES;
				CLANG_WARN_INT_CONVERSION = YES;
				CLANG_WARN_NON_LITERAL_NULL_CONVERSION = YES;
				CLANG_WARN_OBJC_IMPLICIT_RETAIN_SELF = YES;
				CLANG_WARN_OBJC_LITERAL_CONVERSION = YES;
				CLANG_WARN_OBJC_ROOT_CLASS = YES_ERROR;
				CLANG_WARN_QUOTED_INCLUDE_IN_FRAMEWORK_HEADER = YES;
				CLANG_WARN_RANGE_LOOP_ANALYSIS = YES;
				CLANG_WARN_STRICT_PROTOTYPES = YES;
				CLANG_WARN_SUSPICIOUS_MOVE = YES;
				CLANG_WARN_UNGUARDED_AVAILABILITY = YES_AGGRESSIVE;
				CLANG_WARN_UNREACHABLE_CODE = YES;
				CLANG_WARN__DUPLICATE_METHOD_MATCH = YES;
				COPY_PHASE_STRIP = NO;
				DEBUG_INFORMATION_FORMAT = "dwarf-with-dsym";
				ENABLE_NS_ASSERTIONS = NO;
				ENABLE_STRICT_OBJC_MSGSEND = YES;
				GCC_C_LANGUAGE_STANDARD = gnu11;
				GCC_NO_COMMON_BLOCKS = YES;
				GCC_WARN_64_TO_32_BIT_CONVERSION = YES;
				GCC_WARN_ABOUT_RETURN_TYPE = YES_ERROR;
				GCC_WARN_UNDECLARED_SELECTOR = YES;
				GCC_WARN_UNINITIALIZED_AUTOS = YES_AGGRESSIVE;
				GCC_WARN_UNUSED_FUNCTION = YES;
				GCC_WARN_UNUSED_VARIABLE = YES;
				IPHONEOS_DEPLOYMENT_TARGET = 14.2;
				MTL_ENABLE_DEBUG_INFO = NO;
				MTL_FAST_MATH = YES;
				SDKROOT = iphoneos;
				SWIFT_COMPILATION_MODE = wholemodule;
				SWIFT_OPTIMIZATION_LEVEL = "-O";
				VALIDATE_PRODUCT = YES;
			};
			name = Release;
		};
		F554B7482570EC4F0010DB6F /* Debug */ = {
			isa = XCBuildConfiguration;
			buildSettings = {
				ASSETCATALOG_COMPILER_APPICON_NAME = AppIcon;
				ASSETCATALOG_COMPILER_GLOBAL_ACCENT_COLOR_NAME = AccentColor;
				CODE_SIGN_STYLE = Automatic;
				DEVELOPMENT_TEAM = H2DWY9V6RX;
				INFOPLIST_FILE = DemoBrowser/Info.plist;
				LD_RUNPATH_SEARCH_PATHS = (
					"$(inherited)",
					"@executable_path/Frameworks",
				);
				PRODUCT_BUNDLE_IDENTIFIER = vladpoberezhets.DemoBrowser;
				PRODUCT_NAME = "$(TARGET_NAME)";
				SWIFT_VERSION = 5.0;
				TARGETED_DEVICE_FAMILY = "1,2";
			};
			name = Debug;
		};
		F554B7492570EC4F0010DB6F /* Release */ = {
			isa = XCBuildConfiguration;
			buildSettings = {
				ASSETCATALOG_COMPILER_APPICON_NAME = AppIcon;
				ASSETCATALOG_COMPILER_GLOBAL_ACCENT_COLOR_NAME = AccentColor;
				CODE_SIGN_STYLE = Automatic;
				DEVELOPMENT_TEAM = H2DWY9V6RX;
				INFOPLIST_FILE = DemoBrowser/Info.plist;
				LD_RUNPATH_SEARCH_PATHS = (
					"$(inherited)",
					"@executable_path/Frameworks",
				);
				PRODUCT_BUNDLE_IDENTIFIER = vladpoberezhets.DemoBrowser;
				PRODUCT_NAME = "$(TARGET_NAME)";
				SWIFT_VERSION = 5.0;
				TARGETED_DEVICE_FAMILY = "1,2";
			};
			name = Release;
		};
/* End XCBuildConfiguration section */

/* Begin XCConfigurationList section */
		F554B72E2570EC4E0010DB6F /* Build configuration list for PBXProject "DemoBrowser" */ = {
			isa = XCConfigurationList;
			buildConfigurations = (
				F554B7452570EC4F0010DB6F /* Debug */,
				F554B7462570EC4F0010DB6F /* Release */,
			);
			defaultConfigurationIsVisible = 0;
			defaultConfigurationName = Release;
		};
		F554B7472570EC4F0010DB6F /* Build configuration list for PBXNativeTarget "DemoBrowser" */ = {
			isa = XCConfigurationList;
			buildConfigurations = (
				F554B7482570EC4F0010DB6F /* Debug */,
				F554B7492570EC4F0010DB6F /* Release */,
			);
			defaultConfigurationIsVisible = 0;
			defaultConfigurationName = Release;
		};
/* End XCConfigurationList section */
	};
	rootObject = F554B72B2570EC4E0010DB6F /* Project object */;
}
